# generated by rye
# use `rye lock` or `rye sync` to update this lockfile
#
# last locked with the following flags:
#   pre: false
#   features: []
#   all-features: false
#   with-sources: false
#   generate-hashes: false
#   universal: false

-e file:.
anyio==4.8.0
    # via httpx
    # via jupyter-server
anytree==2.12.1
    # via build123d
argon2-cffi==23.1.0
    # via jupyter-server
argon2-cffi-bindings==21.2.0
    # via argon2-cffi
arrow==1.3.0
    # via isoduration
asttokens==3.0.0
    # via stack-data
async-lru==2.0.4
    # via jupyterlab
attrs==25.1.0
    # via jsonschema
    # via referencing
babel==2.17.0
    # via jupyterlab-server
bd-warehouse @ git+https://github.com/gumyr/bd_warehouse@e3a1f2708f92e1ff6f006dab815917044318bd85
    # via build123d-practice
beautifulsoup4==4.13.3
    # via nbconvert
bleach==6.2.0
    # via nbconvert
blinker==1.9.0
    # via flask
build123d==0.9.1
    # via bd-warehouse
cachetools==5.5.2
    # via ocp-tessellate
cadquery-massembly==1.0.0
    # via build123d-practice
cadquery-ocp==7.8.1.1.post1
    # via build123d
    # via ocpsvg
certifi==2025.1.31
    # via httpcore
    # via httpx
    # via requests
cffi==1.17.1
    # via argon2-cffi-bindings
charset-normalizer==3.4.1
    # via requests
click==8.1.8
    # via flask
    # via ocp-vscode
comm==0.2.2
    # via ipykernel
    # via ipywidgets
contourpy==1.3.1
    # via matplotlib
cycler==0.12.1
    # via matplotlib
debugpy==1.8.12
    # via ipykernel
decorator==5.2.1
    # via ipython
defusedxml==0.7.1
    # via nbconvert
executing==2.2.0
    # via stack-data
ezdxf==1.3.5
    # via build123d
fastjsonschema==2.21.1
    # via nbformat
flask==3.1.0
    # via flask-sock
    # via ocp-vscode
flask-sock==0.7.0
    # via ocp-vscode
fonttools==4.56.0
    # via ezdxf
    # via matplotlib
fqdn==1.5.1
    # via jsonschema
h11==0.14.0
    # via httpcore
    # via wsproto
httpcore==1.0.7
    # via httpx
httpx==0.28.1
    # via jupyterlab
idna==3.10
    # via anyio
    # via httpx
    # via jsonschema
    # via requests
imageio==2.37.0
    # via scikit-image
imagesize==1.4.1
    # via ocp-tessellate
ipykernel==6.29.5
    # via build123d-practice
    # via jupyterlab
    # via ocp-vscode
ipython==8.32.0
    # via build123d
    # via build123d-practice
    # via ipykernel
    # via ipywidgets
ipywidgets==8.1.5
    # via jupyter-cadquery
isoduration==20.11.0
    # via jsonschema
itsdangerous==2.2.0
    # via flask
jedi==0.19.2
    # via ipython
jinja2==3.1.5
    # via flask
    # via jupyter-server
    # via jupyterlab
    # via jupyterlab-server
    # via nbconvert
json5==0.10.0
    # via jupyterlab-server
jsonpointer==3.0.0
    # via jsonschema
jsonschema==4.23.0
    # via jupyter-events
    # via jupyterlab-server
    # via nbformat
jsonschema-specifications==2024.10.1
    # via jsonschema
jupyter-cadquery==1.0.0
    # via build123d-practice
jupyter-client==8.6.3
    # via ipykernel
    # via jupyter-server
    # via nbclient
jupyter-core==5.7.2
    # via ipykernel
    # via jupyter-client
    # via jupyter-server
    # via jupyterlab
    # via nbclient
    # via nbconvert
    # via nbformat
jupyter-events==0.12.0
    # via jupyter-server
jupyter-lsp==2.2.5
    # via jupyterlab
jupyter-server==2.15.0
    # via jupyter-lsp
    # via jupyterlab
    # via jupyterlab-server
    # via notebook-shim
jupyter-server-terminals==0.5.3
    # via jupyter-server
jupyterlab==4.3.5
    # via jupyter-cadquery
jupyterlab-pygments==0.3.0
    # via nbconvert
jupyterlab-server==2.27.3
    # via jupyterlab
jupyterlab-widgets==3.0.13
    # via ipywidgets
kiwisolver==1.4.8
    # via matplotlib
lazy-loader==0.4
    # via scikit-image
markupsafe==3.0.2
    # via jinja2
    # via nbconvert
    # via werkzeug
matplotlib==3.10.0
    # via vtk
matplotlib-inline==0.1.7
    # via ipykernel
    # via ipython
mistune==3.1.2
    # via nbconvert
nbclient==0.10.2
    # via nbconvert
nbconvert==7.16.6
    # via jupyter-server
nbformat==5.10.4
    # via jupyter-server
    # via nbclient
    # via nbconvert
nest-asyncio==1.6.0
    # via ipykernel
networkx==3.4.2
    # via scikit-image
notebook-shim==0.2.4
    # via jupyterlab
numpy==2.2.3
    # via build123d
    # via contourpy
    # via ezdxf
    # via imageio
    # via matplotlib
    # via ocp-tessellate
    # via scikit-image
    # via scipy
    # via svgpathtools
    # via tifffile
ocp-tessellate==3.0.9
    # via ocp-vscode
ocp-vscode==2.6.1
    # via build123d-practice
ocpsvg @ git+https://github.com/snoyer/ocpsvg@204a7de7fbf9e026125569bc6c718509c5a02c81
    # via build123d
    # via build123d-practice
orjson==3.10.15
    # via ocp-vscode
overrides==7.7.0
    # via jupyter-server
packaging==24.2
    # via ipykernel
    # via jupyter-events
    # via jupyter-server
    # via jupyterlab
    # via jupyterlab-server
    # via lazy-loader
    # via matplotlib
    # via nbconvert
    # via scikit-image
pandocfilters==1.5.1
    # via nbconvert
parso==0.8.4
    # via jedi
pexpect==4.9.0
    # via ipython
pillow==11.1.0
    # via imageio
    # via matplotlib
    # via scikit-image
pip==25.0.1
    # via build123d-practice
platformdirs==4.3.6
    # via jupyter-core
prometheus-client==0.21.1
    # via jupyter-server
prompt-toolkit==3.0.50
    # via ipython
psutil==7.0.0
    # via ipykernel
ptyprocess==0.7.0
    # via pexpect
    # via terminado
pure-eval==0.2.3
    # via stack-data
py-lib3mf==2.3.1
    # via build123d
pyaml==25.1.0
    # via ocp-vscode
pycparser==2.22
    # via cffi
pygments==2.19.1
    # via ipython
    # via nbconvert
pyparsing==3.2.1
    # via ezdxf
    # via matplotlib
python-dateutil==2.9.0.post0
    # via arrow
    # via jupyter-client
    # via matplotlib
python-json-logger==3.2.1
    # via jupyter-events
pyyaml==6.0.2
    # via jupyter-events
    # via pyaml
pyzmq==26.2.1
    # via ipykernel
    # via jupyter-client
    # via jupyter-server
referencing==0.36.2
    # via jsonschema
    # via jsonschema-specifications
    # via jupyter-events
requests==2.32.3
    # via jupyterlab-server
    # via ocp-vscode
rfc3339-validator==0.1.4
    # via jsonschema
    # via jupyter-events
rfc3986-validator==0.1.1
    # via jsonschema
    # via jupyter-events
rpds-py==0.23.1
    # via jsonschema
    # via referencing
ruff==0.9.7
scikit-image==0.25.2
    # via build123d-practice
scipy==1.15.2
    # via scikit-image
    # via svgpathtools
send2trash==1.8.3
    # via jupyter-server
setuptools==75.8.1
    # via jupyterlab
simple-websocket==1.1.0
    # via flask-sock
six==1.17.0
    # via anytree
    # via python-dateutil
    # via rfc3339-validator
sniffio==1.3.1
    # via anyio
soupsieve==2.6
    # via beautifulsoup4
stack-data==0.6.3
    # via ipython
svgelements==1.9.6
    # via ocpsvg
svgpathtools==1.6.1
    # via build123d
svgwrite==1.4.3
    # via svgpathtools
terminado==0.18.1
    # via jupyter-server
    # via jupyter-server-terminals
tifffile==2025.2.18
    # via scikit-image
tinycss2==1.4.0
    # via bleach
tornado==6.4.2
    # via ipykernel
    # via jupyter-client
    # via jupyter-server
    # via jupyterlab
    # via terminado
traitlets==5.14.3
    # via comm
    # via ipykernel
    # via ipython
    # via ipywidgets
    # via jupyter-client
    # via jupyter-core
    # via jupyter-events
    # via jupyter-server
    # via jupyterlab
    # via matplotlib-inline
    # via nbclient
    # via nbconvert
    # via nbformat
trianglesolver==1.2
    # via build123d
    # via build123d-practice
types-python-dateutil==2.9.0.20241206
    # via arrow
typing-extensions==4.12.2
    # via anyio
    # via bd-warehouse
    # via beautifulsoup4
    # via build123d
    # via ezdxf
    # via referencing
uri-template==1.3.0
    # via jsonschema
urllib3==2.3.0
    # via requests
vtk==9.3.1
    # via cadquery-ocp
wcwidth==0.2.13
    # via prompt-toolkit
webcolors==24.8.0
    # via jsonschema
    # via ocp-tessellate
webencodings==0.5.1
    # via bleach
    # via tinycss2
websocket-client==1.8.0
    # via jupyter-server
websockets==13.1
    # via ocp-vscode
werkzeug==3.1.3
    # via flask
widgetsnbextension==4.0.13
    # via ipywidgets
wsproto==1.2.0
    # via simple-websocket
